
Microsoft Visual Studio Solution File, Format Version 12.00
# Visual Studio Version 17
VisualStudioVersion = 17.10.34928.147
MinimumVisualStudioVersion = 10.0.40219.1
Project("{9A19103F-16F7-4668-BE54-9A1E7A4F7556}") = "LeeCoder.Hanta.Client.App", "LeeCoder.Hanta.Client.App\LeeCoder.Hanta.Client.App.csproj", "{15D4B966-4F50-4D2B-836B-4C2E01C90E66}"
EndProject
Project("{9A19103F-16F7-4668-BE54-9A1E7A4F7556}") = "LeeCoder.Hanta.Client.Views", "LeeCoder.Hanta.Client.Views\LeeCoder.Hanta.Client.Views.csproj", "{3DB3332F-0AE7-4A1F-8403-DAA2293DFA5D}"
EndProject
Project("{9A19103F-16F7-4668-BE54-9A1E7A4F7556}") = "LeeCoder.Hanta.Client.ViewModels", "LeeCoder.Hanta.Client.ViewModels\LeeCoder.Hanta.Client.ViewModels.csproj", "{F495D7AA-C98D-44F6-885C-A81657D0F68A}"
EndProject
Project("{9A19103F-16F7-4668-BE54-9A1E7A4F7556}") = "LeeCoder.Hanta.Client.Abstract", "LeeCoder.Hanta.Client.Abstract\LeeCoder.Hanta.Client.Abstract.csproj", "{1FFCA1B6-6F07-4347-B9D8-12E1CDDB6FA4}"
EndProject
Project("{2150E333-8FDC-42A3-9474-1A3956D46DE8}") = "Client", "Client", "{C1944C63-5C29-4B54-B7BF-14DDC205463E}"
EndProject
Project("{2150E333-8FDC-42A3-9474-1A3956D46DE8}") = "Plugin", "Plugin", "{09C7829E-1811-43F8-ACD5-F461A8600BEE}"
EndProject
Project("{2150E333-8FDC-42A3-9474-1A3956D46DE8}") = "Server", "Server", "{76912B9B-E077-46B2-8F1C-D66832F72918}"
EndProject
Project("{9A19103F-16F7-4668-BE54-9A1E7A4F7556}") = "LeeCoder.Hanta.Common.Shared", "LeeCoder.Hanta.Common\LeeCoder.Hanta.Common.Shared.csproj", "{8AE6C1CA-DAEE-4650-8EC6-746B8D82564B}"
EndProject
Project("{9A19103F-16F7-4668-BE54-9A1E7A4F7556}") = "LeeCoder.Hanta.Common.Design", "LeeCoder.Hanta.Design\LeeCoder.Hanta.Common.Design.csproj", "{D6401F85-62BE-4365-BBD3-81B4B7FDE33C}"
EndProject
Project("{2150E333-8FDC-42A3-9474-1A3956D46DE8}") = "Common", "Common", "{B84346E1-3FA1-4317-9954-DB57B700A2B1}"
EndProject
Project("{9A19103F-16F7-4668-BE54-9A1E7A4F7556}") = "LeeCoder.Hanta.Client.Services", "LeeCoder.Hanta.Client.Services\LeeCoder.Hanta.Client.Services.csproj", "{C28224A1-002D-452D-AEAC-4FD43C714705}"
EndProject
Project("{9A19103F-16F7-4668-BE54-9A1E7A4F7556}") = "LeeCoder.Hanta.Server.App", "LeeCoder.Hanta.Server.App\LeeCoder.Hanta.Server.App.csproj", "{851FAA8F-84C1-4EAA-A998-2010639448E4}"
EndProject
Project("{9A19103F-16F7-4668-BE54-9A1E7A4F7556}") = "LeeCoder.Hanta.Server.Views", "LeeCoder.Hanta.Server.Views\LeeCoder.Hanta.Server.Views.csproj", "{D66398DE-5A16-489A-A5E7-E1FFA75243E1}"
EndProject
Project("{9A19103F-16F7-4668-BE54-9A1E7A4F7556}") = "LeeCoder.Hanta.Server.ViewModels", "LeeCoder.Hanta.Server.ViewModels\LeeCoder.Hanta.Server.ViewModels.csproj", "{4F905AE4-06CE-444C-8456-692EDB442E48}"
EndProject
Project("{9A19103F-16F7-4668-BE54-9A1E7A4F7556}") = "LeeCoder.Hanta.Server.Abstract", "LeeCoder.Hanta.Server.Abstract\LeeCoder.Hanta.Server.Abstract.csproj", "{3EDF58DD-2272-47CF-B2D8-916A34D025F4}"
EndProject
Project("{9A19103F-16F7-4668-BE54-9A1E7A4F7556}") = "LeeCoder.Hanta.Common.Abstract", "LeeCoder.Hanta.Common.Abstract\LeeCoder.Hanta.Common.Abstract.csproj", "{54B2685B-2AFC-4856-9391-68484A4873C1}"
EndProject
Project("{9A19103F-16F7-4668-BE54-9A1E7A4F7556}") = "LeeCoder.Hanta.Common.Views", "LeeCoder.Hanta.Common.Views\LeeCoder.Hanta.Common.Views.csproj", "{9CEC6C11-8116-4311-AC9E-3D17CE7F28E8}"
EndProject
Project("{9A19103F-16F7-4668-BE54-9A1E7A4F7556}") = "LeeCoder.Hanta.Client.Utils", "LeeCoder.Hanta.Client.Utils\LeeCoder.Hanta.Client.Utils.csproj", "{59E5A15C-4EF6-442B-B47D-7F6A19157010}"
EndProject
Project("{9A19103F-16F7-4668-BE54-9A1E7A4F7556}") = "LeeCoder.Hanta.Client.Models", "LeeCoder.Hanta.Client.Models\LeeCoder.Hanta.Client.Models.csproj", "{BEFD2C8A-4AEE-4ACD-BB45-81A169F11FB1}"
EndProject
Project("{9A19103F-16F7-4668-BE54-9A1E7A4F7556}") = "LeeCoder.Hanta.Common.Services", "LeeCoder.Hanta.Common.Services\LeeCoder.Hanta.Common.Services.csproj", "{D0D1142F-7B87-4B21-A448-5560555172B8}"
EndProject
Global
	GlobalSection(SolutionConfigurationPlatforms) = preSolution
		Debug|Any CPU = Debug|Any CPU
		Release|Any CPU = Release|Any CPU
	EndGlobalSection
	GlobalSection(ProjectConfigurationPlatforms) = postSolution
		{15D4B966-4F50-4D2B-836B-4C2E01C90E66}.Debug|Any CPU.ActiveCfg = Debug|Any CPU
		{15D4B966-4F50-4D2B-836B-4C2E01C90E66}.Debug|Any CPU.Build.0 = Debug|Any CPU
		{15D4B966-4F50-4D2B-836B-4C2E01C90E66}.Release|Any CPU.ActiveCfg = Release|Any CPU
		{15D4B966-4F50-4D2B-836B-4C2E01C90E66}.Release|Any CPU.Build.0 = Release|Any CPU
		{3DB3332F-0AE7-4A1F-8403-DAA2293DFA5D}.Debug|Any CPU.ActiveCfg = Debug|Any CPU
		{3DB3332F-0AE7-4A1F-8403-DAA2293DFA5D}.Debug|Any CPU.Build.0 = Debug|Any CPU
		{3DB3332F-0AE7-4A1F-8403-DAA2293DFA5D}.Release|Any CPU.ActiveCfg = Release|Any CPU
		{3DB3332F-0AE7-4A1F-8403-DAA2293DFA5D}.Release|Any CPU.Build.0 = Release|Any CPU
		{F495D7AA-C98D-44F6-885C-A81657D0F68A}.Debug|Any CPU.ActiveCfg = Debug|Any CPU
		{F495D7AA-C98D-44F6-885C-A81657D0F68A}.Debug|Any CPU.Build.0 = Debug|Any CPU
		{F495D7AA-C98D-44F6-885C-A81657D0F68A}.Release|Any CPU.ActiveCfg = Release|Any CPU
		{F495D7AA-C98D-44F6-885C-A81657D0F68A}.Release|Any CPU.Build.0 = Release|Any CPU
		{1FFCA1B6-6F07-4347-B9D8-12E1CDDB6FA4}.Debug|Any CPU.ActiveCfg = Debug|Any CPU
		{1FFCA1B6-6F07-4347-B9D8-12E1CDDB6FA4}.Debug|Any CPU.Build.0 = Debug|Any CPU
		{1FFCA1B6-6F07-4347-B9D8-12E1CDDB6FA4}.Release|Any CPU.ActiveCfg = Release|Any CPU
		{1FFCA1B6-6F07-4347-B9D8-12E1CDDB6FA4}.Release|Any CPU.Build.0 = Release|Any CPU
		{8AE6C1CA-DAEE-4650-8EC6-746B8D82564B}.Debug|Any CPU.ActiveCfg = Debug|Any CPU
		{8AE6C1CA-DAEE-4650-8EC6-746B8D82564B}.Debug|Any CPU.Build.0 = Debug|Any CPU
		{8AE6C1CA-DAEE-4650-8EC6-746B8D82564B}.Release|Any CPU.ActiveCfg = Release|Any CPU
		{8AE6C1CA-DAEE-4650-8EC6-746B8D82564B}.Release|Any CPU.Build.0 = Release|Any CPU
		{D6401F85-62BE-4365-BBD3-81B4B7FDE33C}.Debug|Any CPU.ActiveCfg = Debug|Any CPU
		{D6401F85-62BE-4365-BBD3-81B4B7FDE33C}.Debug|Any CPU.Build.0 = Debug|Any CPU
		{D6401F85-62BE-4365-BBD3-81B4B7FDE33C}.Release|Any CPU.ActiveCfg = Release|Any CPU
		{D6401F85-62BE-4365-BBD3-81B4B7FDE33C}.Release|Any CPU.Build.0 = Release|Any CPU
		{C28224A1-002D-452D-AEAC-4FD43C714705}.Debug|Any CPU.ActiveCfg = Debug|Any CPU
		{C28224A1-002D-452D-AEAC-4FD43C714705}.Debug|Any CPU.Build.0 = Debug|Any CPU
		{C28224A1-002D-452D-AEAC-4FD43C714705}.Release|Any CPU.ActiveCfg = Release|Any CPU
		{C28224A1-002D-452D-AEAC-4FD43C714705}.Release|Any CPU.Build.0 = Release|Any CPU
		{851FAA8F-84C1-4EAA-A998-2010639448E4}.Debug|Any CPU.ActiveCfg = Debug|Any CPU
		{851FAA8F-84C1-4EAA-A998-2010639448E4}.Debug|Any CPU.Build.0 = Debug|Any CPU
		{851FAA8F-84C1-4EAA-A998-2010639448E4}.Release|Any CPU.ActiveCfg = Release|Any CPU
		{851FAA8F-84C1-4EAA-A998-2010639448E4}.Release|Any CPU.Build.0 = Release|Any CPU
		{D66398DE-5A16-489A-A5E7-E1FFA75243E1}.Debug|Any CPU.ActiveCfg = Debug|Any CPU
		{D66398DE-5A16-489A-A5E7-E1FFA75243E1}.Debug|Any CPU.Build.0 = Debug|Any CPU
		{D66398DE-5A16-489A-A5E7-E1FFA75243E1}.Release|Any CPU.ActiveCfg = Release|Any CPU
		{D66398DE-5A16-489A-A5E7-E1FFA75243E1}.Release|Any CPU.Build.0 = Release|Any CPU
		{4F905AE4-06CE-444C-8456-692EDB442E48}.Debug|Any CPU.ActiveCfg = Debug|Any CPU
		{4F905AE4-06CE-444C-8456-692EDB442E48}.Debug|Any CPU.Build.0 = Debug|Any CPU
		{4F905AE4-06CE-444C-8456-692EDB442E48}.Release|Any CPU.ActiveCfg = Release|Any CPU
		{4F905AE4-06CE-444C-8456-692EDB442E48}.Release|Any CPU.Build.0 = Release|Any CPU
		{3EDF58DD-2272-47CF-B2D8-916A34D025F4}.Debug|Any CPU.ActiveCfg = Debug|Any CPU
		{3EDF58DD-2272-47CF-B2D8-916A34D025F4}.Debug|Any CPU.Build.0 = Debug|Any CPU
		{3EDF58DD-2272-47CF-B2D8-916A34D025F4}.Release|Any CPU.ActiveCfg = Release|Any CPU
		{3EDF58DD-2272-47CF-B2D8-916A34D025F4}.Release|Any CPU.Build.0 = Release|Any CPU
		{54B2685B-2AFC-4856-9391-68484A4873C1}.Debug|Any CPU.ActiveCfg = Debug|Any CPU
		{54B2685B-2AFC-4856-9391-68484A4873C1}.Debug|Any CPU.Build.0 = Debug|Any CPU
		{54B2685B-2AFC-4856-9391-68484A4873C1}.Release|Any CPU.ActiveCfg = Release|Any CPU
		{54B2685B-2AFC-4856-9391-68484A4873C1}.Release|Any CPU.Build.0 = Release|Any CPU
		{9CEC6C11-8116-4311-AC9E-3D17CE7F28E8}.Debug|Any CPU.ActiveCfg = Debug|Any CPU
		{9CEC6C11-8116-4311-AC9E-3D17CE7F28E8}.Debug|Any CPU.Build.0 = Debug|Any CPU
		{9CEC6C11-8116-4311-AC9E-3D17CE7F28E8}.Release|Any CPU.ActiveCfg = Release|Any CPU
		{9CEC6C11-8116-4311-AC9E-3D17CE7F28E8}.Release|Any CPU.Build.0 = Release|Any CPU
		{59E5A15C-4EF6-442B-B47D-7F6A19157010}.Debug|Any CPU.ActiveCfg = Debug|Any CPU
		{59E5A15C-4EF6-442B-B47D-7F6A19157010}.Debug|Any CPU.Build.0 = Debug|Any CPU
		{59E5A15C-4EF6-442B-B47D-7F6A19157010}.Release|Any CPU.ActiveCfg = Release|Any CPU
		{59E5A15C-4EF6-442B-B47D-7F6A19157010}.Release|Any CPU.Build.0 = Release|Any CPU
		{BEFD2C8A-4AEE-4ACD-BB45-81A169F11FB1}.Debug|Any CPU.ActiveCfg = Debug|Any CPU
		{BEFD2C8A-4AEE-4ACD-BB45-81A169F11FB1}.Debug|Any CPU.Build.0 = Debug|Any CPU
		{BEFD2C8A-4AEE-4ACD-BB45-81A169F11FB1}.Release|Any CPU.ActiveCfg = Release|Any CPU
		{BEFD2C8A-4AEE-4ACD-BB45-81A169F11FB1}.Release|Any CPU.Build.0 = Release|Any CPU
		{D0D1142F-7B87-4B21-A448-5560555172B8}.Debug|Any CPU.ActiveCfg = Debug|Any CPU
		{D0D1142F-7B87-4B21-A448-5560555172B8}.Debug|Any CPU.Build.0 = Debug|Any CPU
		{D0D1142F-7B87-4B21-A448-5560555172B8}.Release|Any CPU.ActiveCfg = Release|Any CPU
		{D0D1142F-7B87-4B21-A448-5560555172B8}.Release|Any CPU.Build.0 = Release|Any CPU
	EndGlobalSection
	GlobalSection(SolutionProperties) = preSolution
		HideSolutionNode = FALSE
	EndGlobalSection
	GlobalSection(NestedProjects) = preSolution
		{15D4B966-4F50-4D2B-836B-4C2E01C90E66} = {C1944C63-5C29-4B54-B7BF-14DDC205463E}
		{3DB3332F-0AE7-4A1F-8403-DAA2293DFA5D} = {C1944C63-5C29-4B54-B7BF-14DDC205463E}
		{F495D7AA-C98D-44F6-885C-A81657D0F68A} = {C1944C63-5C29-4B54-B7BF-14DDC205463E}
		{1FFCA1B6-6F07-4347-B9D8-12E1CDDB6FA4} = {C1944C63-5C29-4B54-B7BF-14DDC205463E}
		{8AE6C1CA-DAEE-4650-8EC6-746B8D82564B} = {B84346E1-3FA1-4317-9954-DB57B700A2B1}
		{D6401F85-62BE-4365-BBD3-81B4B7FDE33C} = {B84346E1-3FA1-4317-9954-DB57B700A2B1}
		{C28224A1-002D-452D-AEAC-4FD43C714705} = {C1944C63-5C29-4B54-B7BF-14DDC205463E}
		{851FAA8F-84C1-4EAA-A998-2010639448E4} = {76912B9B-E077-46B2-8F1C-D66832F72918}
		{D66398DE-5A16-489A-A5E7-E1FFA75243E1} = {76912B9B-E077-46B2-8F1C-D66832F72918}
		{4F905AE4-06CE-444C-8456-692EDB442E48} = {76912B9B-E077-46B2-8F1C-D66832F72918}
		{3EDF58DD-2272-47CF-B2D8-916A34D025F4} = {76912B9B-E077-46B2-8F1C-D66832F72918}
		{54B2685B-2AFC-4856-9391-68484A4873C1} = {B84346E1-3FA1-4317-9954-DB57B700A2B1}
		{9CEC6C11-8116-4311-AC9E-3D17CE7F28E8} = {B84346E1-3FA1-4317-9954-DB57B700A2B1}
		{59E5A15C-4EF6-442B-B47D-7F6A19157010} = {C1944C63-5C29-4B54-B7BF-14DDC205463E}
		{BEFD2C8A-4AEE-4ACD-BB45-81A169F11FB1} = {C1944C63-5C29-4B54-B7BF-14DDC205463E}
		{D0D1142F-7B87-4B21-A448-5560555172B8} = {B84346E1-3FA1-4317-9954-DB57B700A2B1}
	EndGlobalSection
	GlobalSection(ExtensibilityGlobals) = postSolution
		SolutionGuid = {5878F959-87A8-479E-9177-EF7C375905A5}
	EndGlobalSection
EndGlobal
